{
    "version": 3,
    "terraform_version": "0.8.8",
    "serial": 22,
    "lineage": "d60aa211-8359-4e92-801f-e6b4bb85136b",
    "modules": [
        {
            "path": [
                "root"
            ],
            "outputs": {
                "address": {
                    "sensitive": false,
                    "type": "string",
                    "value": "terraform-example-elb-1268107593.us-east-1.elb.amazonaws.com"
                },
                "private_ip": {
                    "sensitive": false,
                    "type": "list",
                    "value": [
                        "10.0.1.233"
                    ]
                },
                "public_ip": {
                    "sensitive": false,
                    "type": "list",
                    "value": [
                        "52.55.64.121"
                    ]
                }
            },
            "resources": {
                "aws_elb.elb": {
                    "type": "aws_elb",
                    "depends_on": [
                        "aws_instance.cluster",
                        "aws_security_group.elb",
                        "aws_subnet.tryout"
                    ],
                    "primary": {
                        "id": "terraform-example-elb",
                        "attributes": {
                            "access_logs.#": "0",
                            "availability_zones.#": "1",
                            "availability_zones.1305112097": "us-east-1b",
                            "connection_draining": "false",
                            "connection_draining_timeout": "300",
                            "cross_zone_load_balancing": "true",
                            "dns_name": "terraform-example-elb-1268107593.us-east-1.elb.amazonaws.com",
                            "health_check.#": "1",
                            "health_check.0.healthy_threshold": "10",
                            "health_check.0.interval": "30",
                            "health_check.0.target": "TCP:80",
                            "health_check.0.timeout": "5",
                            "health_check.0.unhealthy_threshold": "2",
                            "id": "terraform-example-elb",
                            "idle_timeout": "60",
                            "instances.#": "1",
                            "instances.3295553895": "i-0d4664f351ddc508f",
                            "internal": "false",
                            "listener.#": "1",
                            "listener.3057123346.instance_port": "80",
                            "listener.3057123346.instance_protocol": "http",
                            "listener.3057123346.lb_port": "80",
                            "listener.3057123346.lb_protocol": "http",
                            "listener.3057123346.ssl_certificate_id": "",
                            "name": "terraform-example-elb",
                            "security_groups.#": "1",
                            "security_groups.1042825300": "sg-03b1637c",
                            "source_security_group": "476680029350/terraform_example_elb",
                            "source_security_group_id": "sg-03b1637c",
                            "subnets.#": "1",
                            "subnets.2636267399": "subnet-469ea66b",
                            "tags.%": "0",
                            "zone_id": "Z35SXDOTRQ7X7K"
                        },
                        "meta": {},
                        "tainted": false
                    },
                    "deposed": [],
                    "provider": ""
                },
                "aws_instance.cluster": {
                    "type": "aws_instance",
                    "depends_on": [
                        "aws_key_pair.auth",
                        "aws_security_group.tryout",
                        "aws_subnet.tryout"
                    ],
                    "primary": {
                        "id": "i-0d4664f351ddc508f",
                        "attributes": {
                            "ami": "ami-f4cc1de2",
                            "associate_public_ip_address": "true",
                            "availability_zone": "us-east-1b",
                            "disable_api_termination": "false",
                            "ebs_block_device.#": "0",
                            "ebs_optimized": "false",
                            "ephemeral_block_device.#": "0",
                            "iam_instance_profile": "",
                            "id": "i-0d4664f351ddc508f",
                            "instance_state": "running",
                            "instance_type": "t2.micro",
                            "ipv6_address_count": "0",
                            "ipv6_addresses.#": "0",
                            "key_name": "tryout",
                            "monitoring": "false",
                            "network_interface_id": "eni-064e5ff3",
                            "private_dns": "ip-10-0-1-233.ec2.internal",
                            "private_ip": "10.0.1.233",
                            "public_dns": "",
                            "public_ip": "52.55.64.121",
                            "root_block_device.#": "1",
                            "root_block_device.0.delete_on_termination": "true",
                            "root_block_device.0.iops": "100",
                            "root_block_device.0.volume_size": "8",
                            "root_block_device.0.volume_type": "gp2",
                            "security_groups.#": "0",
                            "source_dest_check": "true",
                            "subnet_id": "subnet-469ea66b",
                            "tags.%": "0",
                            "tenancy": "default",
                            "vpc_security_group_ids.#": "1",
                            "vpc_security_group_ids.3019248706": "sg-05b1637a"
                        },
                        "meta": {
                            "schema_version": "1"
                        },
                        "tainted": false
                    },
                    "deposed": [],
                    "provider": ""
                },
                "aws_internet_gateway.tryout": {
                    "type": "aws_internet_gateway",
                    "depends_on": [
                        "aws_vpc.tryout"
                    ],
                    "primary": {
                        "id": "igw-1bc2d77c",
                        "attributes": {
                            "id": "igw-1bc2d77c",
                            "tags.%": "0",
                            "vpc_id": "vpc-2a4b1b4c"
                        },
                        "meta": {},
                        "tainted": false
                    },
                    "deposed": [],
                    "provider": ""
                },
                "aws_key_pair.auth": {
                    "type": "aws_key_pair",
                    "depends_on": [],
                    "primary": {
                        "id": "tryout",
                        "attributes": {
                            "fingerprint": "9e:7b:90:0b:73:11:70:4d:4a:7a:a7:94:ab:ca:e2:0f",
                            "id": "tryout",
                            "key_name": "tryout",
                            "public_key": "---- BEGIN SSH2 PUBLIC KEY ----\nComment: \"imported-openssh-key\"\nAAAAB3NzaC1yc2EAAAADAQABAAABAQClYfveL8ITuVaMJ484x2oQHQr1PamWtgCR\nvIeWx8EXIZw7WI7BopMLTKhJoHGjySU77vPHHbluGOUzFveU0BaDFo0x/WWR63Tr\nsqqWKbLM3AVVP2dxunDKG3i5zXyKmM/q0hoXNGP06u4FZ4WvC/Nzz6cwl3m5Wd6X\nIMw8HwfgZQN/yKOyw4PhXDT3qHCYANobNiaV8rKtZTRe66kRuaQoIebf+JyCLUQD\n/DmsiO9ugqGC/9hJS78HEvCdjnZiq1BIjcxVM+bivQk0Ud1HLLPSuT6OIelA/q75\nIe/bGaWDWv3tF56ICKsA+rJzB7FRBP7HoN3Lj/Vj2F6GsYDcgIlv\n---- END SSH2 PUBLIC KEY ----"
                        },
                        "meta": {
                            "schema_version": "1"
                        },
                        "tainted": false
                    },
                    "deposed": [],
                    "provider": ""
                },
                "aws_route.internet_access": {
                    "type": "aws_route",
                    "depends_on": [
                        "aws_internet_gateway.tryout",
                        "aws_vpc.tryout"
                    ],
                    "primary": {
                        "id": "r-rtb-e6ff999f1080289494",
                        "attributes": {
                            "destination_cidr_block": "0.0.0.0/0",
                            "destination_prefix_list_id": "",
                            "gateway_id": "igw-1bc2d77c",
                            "id": "r-rtb-e6ff999f1080289494",
                            "instance_id": "",
                            "instance_owner_id": "",
                            "nat_gateway_id": "",
                            "network_interface_id": "",
                            "origin": "CreateRoute",
                            "route_table_id": "rtb-e6ff999f",
                            "state": "active",
                            "vpc_peering_connection_id": ""
                        },
                        "meta": {},
                        "tainted": false
                    },
                    "deposed": [],
                    "provider": ""
                },
                "aws_security_group.elb": {
                    "type": "aws_security_group",
                    "depends_on": [
                        "aws_vpc.tryout"
                    ],
                    "primary": {
                        "id": "sg-03b1637c",
                        "attributes": {
                            "description": "Used in the terraform",
                            "egress.#": "1",
                            "egress.482069346.cidr_blocks.#": "1",
                            "egress.482069346.cidr_blocks.0": "0.0.0.0/0",
                            "egress.482069346.from_port": "0",
                            "egress.482069346.prefix_list_ids.#": "0",
                            "egress.482069346.protocol": "-1",
                            "egress.482069346.security_groups.#": "0",
                            "egress.482069346.self": "false",
                            "egress.482069346.to_port": "0",
                            "id": "sg-03b1637c",
                            "ingress.#": "1",
                            "ingress.2214680975.cidr_blocks.#": "1",
                            "ingress.2214680975.cidr_blocks.0": "0.0.0.0/0",
                            "ingress.2214680975.from_port": "80",
                            "ingress.2214680975.protocol": "tcp",
                            "ingress.2214680975.security_groups.#": "0",
                            "ingress.2214680975.self": "false",
                            "ingress.2214680975.to_port": "80",
                            "name": "terraform_example_elb",
                            "owner_id": "476680029350",
                            "tags.%": "0",
                            "vpc_id": "vpc-2a4b1b4c"
                        },
                        "meta": {},
                        "tainted": false
                    },
                    "deposed": [],
                    "provider": ""
                },
                "aws_security_group.tryout": {
                    "type": "aws_security_group",
                    "depends_on": [
                        "aws_vpc.tryout"
                    ],
                    "primary": {
                        "id": "sg-05b1637a",
                        "attributes": {
                            "description": "Used in the terraform",
                            "egress.#": "1",
                            "egress.482069346.cidr_blocks.#": "1",
                            "egress.482069346.cidr_blocks.0": "0.0.0.0/0",
                            "egress.482069346.from_port": "0",
                            "egress.482069346.prefix_list_ids.#": "0",
                            "egress.482069346.protocol": "-1",
                            "egress.482069346.security_groups.#": "0",
                            "egress.482069346.self": "false",
                            "egress.482069346.to_port": "0",
                            "id": "sg-05b1637a",
                            "ingress.#": "2",
                            "ingress.2165049311.cidr_blocks.#": "1",
                            "ingress.2165049311.cidr_blocks.0": "10.0.0.0/16",
                            "ingress.2165049311.from_port": "80",
                            "ingress.2165049311.protocol": "tcp",
                            "ingress.2165049311.security_groups.#": "0",
                            "ingress.2165049311.self": "false",
                            "ingress.2165049311.to_port": "80",
                            "ingress.2541437006.cidr_blocks.#": "1",
                            "ingress.2541437006.cidr_blocks.0": "0.0.0.0/0",
                            "ingress.2541437006.from_port": "22",
                            "ingress.2541437006.protocol": "tcp",
                            "ingress.2541437006.security_groups.#": "0",
                            "ingress.2541437006.self": "false",
                            "ingress.2541437006.to_port": "22",
                            "name": "terraform_example",
                            "owner_id": "476680029350",
                            "tags.%": "0",
                            "vpc_id": "vpc-2a4b1b4c"
                        },
                        "meta": {},
                        "tainted": false
                    },
                    "deposed": [],
                    "provider": ""
                },
                "aws_subnet.tryout": {
                    "type": "aws_subnet",
                    "depends_on": [
                        "aws_vpc.tryout"
                    ],
                    "primary": {
                        "id": "subnet-469ea66b",
                        "attributes": {
                            "assign_ipv6_address_on_creation": "false",
                            "availability_zone": "us-east-1b",
                            "cidr_block": "10.0.1.0/24",
                            "id": "subnet-469ea66b",
                            "map_public_ip_on_launch": "true",
                            "tags.%": "0",
                            "vpc_id": "vpc-2a4b1b4c"
                        },
                        "meta": {},
                        "tainted": false
                    },
                    "deposed": [],
                    "provider": ""
                },
                "aws_vpc.tryout": {
                    "type": "aws_vpc",
                    "depends_on": [],
                    "primary": {
                        "id": "vpc-2a4b1b4c",
                        "attributes": {
                            "assign_generated_ipv6_cidr_block": "false",
                            "cidr_block": "10.0.0.0/16",
                            "default_network_acl_id": "acl-79917c00",
                            "default_route_table_id": "rtb-e6ff999f",
                            "default_security_group_id": "sg-16b16369",
                            "dhcp_options_id": "dopt-cf8ec6a8",
                            "enable_classiclink": "false",
                            "enable_dns_hostnames": "false",
                            "enable_dns_support": "true",
                            "id": "vpc-2a4b1b4c",
                            "instance_tenancy": "default",
                            "main_route_table_id": "rtb-e6ff999f",
                            "tags.%": "0"
                        },
                        "meta": {},
                        "tainted": false
                    },
                    "deposed": [],
                    "provider": ""
                }
            },
            "depends_on": []
        }
    ]
}
